// !$*UTF8*$!
{
	archiveVersion = 1;
	classes = {
	};
	objectVersion = 46;
	objects = {

/* Begin PBXBuildFile section */
		9F78C43C2113555000A90672 /* StringcodeUtils.h in Headers */ = {isa = PBXBuildFile; fileRef = 9F78C43A2113555000A90672 /* StringcodeUtils.h */; settings = {ATTRIBUTES = (Public, ); }; };
		9F78C4492113556300A90672 /* StringcodeUtilsCore.h in Headers */ = {isa = PBXBuildFile; fileRef = 9F78C4472113556300A90672 /* StringcodeUtilsCore.h */; settings = {ATTRIBUTES = (Public, ); }; };
		9F78C4572113576800A90672 /* PathsURLs.swift in Sources */ = {isa = PBXBuildFile; fileRef = 9F78C4502113576800A90672 /* PathsURLs.swift */; };
		9F78C45B2113576800A90672 /* Utils.swift in Sources */ = {isa = PBXBuildFile; fileRef = 9F78C4542113576800A90672 /* Utils.swift */; };
		9F78C4622113577C00A90672 /* NSLayoutContriant+Extensions.swift in Sources */ = {isa = PBXBuildFile; fileRef = 9F78C45D2113577C00A90672 /* NSLayoutContriant+Extensions.swift */; };
		9F78C4632113577C00A90672 /* UIColor+Extentions.swift in Sources */ = {isa = PBXBuildFile; fileRef = 9F78C45E2113577C00A90672 /* UIColor+Extentions.swift */; };
		9F78C4642113577C00A90672 /* TouchForwardingView.swift in Sources */ = {isa = PBXBuildFile; fileRef = 9F78C45F2113577C00A90672 /* TouchForwardingView.swift */; };
		9F78C4652113577C00A90672 /* CGTypes+Extensions.swift in Sources */ = {isa = PBXBuildFile; fileRef = 9F78C4602113577C00A90672 /* CGTypes+Extensions.swift */; };
		9F78C4662113577C00A90672 /* CGImageRef+Extension.swift in Sources */ = {isa = PBXBuildFile; fileRef = 9F78C4612113577C00A90672 /* CGImageRef+Extension.swift */; };
		9F78C46921135B8A00A90672 /* PathsURLs.swift in Sources */ = {isa = PBXBuildFile; fileRef = 9F78C4502113576800A90672 /* PathsURLs.swift */; };
		9F78C46A21135B8D00A90672 /* Utils.swift in Sources */ = {isa = PBXBuildFile; fileRef = 9F78C4542113576800A90672 /* Utils.swift */; };
/* End PBXBuildFile section */

/* Begin PBXFileReference section */
		9F78C4382113555000A90672 /* StringcodeUtils.framework */ = {isa = PBXFileReference; explicitFileType = wrapper.framework; includeInIndex = 0; path = StringcodeUtils.framework; sourceTree = BUILT_PRODUCTS_DIR; };
		9F78C43A2113555000A90672 /* StringcodeUtils.h */ = {isa = PBXFileReference; lastKnownFileType = sourcecode.c.h; path = StringcodeUtils.h; sourceTree = "<group>"; };
		9F78C43B2113555000A90672 /* Info.plist */ = {isa = PBXFileReference; lastKnownFileType = text.plist.xml; path = Info.plist; sourceTree = "<group>"; };
		9F78C4452113556300A90672 /* StringcodeUtilsCore.framework */ = {isa = PBXFileReference; explicitFileType = wrapper.framework; includeInIndex = 0; path = StringcodeUtilsCore.framework; sourceTree = BUILT_PRODUCTS_DIR; };
		9F78C4472113556300A90672 /* StringcodeUtilsCore.h */ = {isa = PBXFileReference; lastKnownFileType = sourcecode.c.h; path = StringcodeUtilsCore.h; sourceTree = "<group>"; };
		9F78C4482113556300A90672 /* Info.plist */ = {isa = PBXFileReference; lastKnownFileType = text.plist.xml; path = Info.plist; sourceTree = "<group>"; };
		9F78C4502113576800A90672 /* PathsURLs.swift */ = {isa = PBXFileReference; fileEncoding = 4; lastKnownFileType = sourcecode.swift; path = PathsURLs.swift; sourceTree = "<group>"; };
		9F78C4542113576800A90672 /* Utils.swift */ = {isa = PBXFileReference; fileEncoding = 4; lastKnownFileType = sourcecode.swift; path = Utils.swift; sourceTree = "<group>"; };
		9F78C45D2113577C00A90672 /* NSLayoutContriant+Extensions.swift */ = {isa = PBXFileReference; fileEncoding = 4; lastKnownFileType = sourcecode.swift; path = "NSLayoutContriant+Extensions.swift"; sourceTree = "<group>"; };
		9F78C45E2113577C00A90672 /* UIColor+Extentions.swift */ = {isa = PBXFileReference; fileEncoding = 4; lastKnownFileType = sourcecode.swift; path = "UIColor+Extentions.swift"; sourceTree = "<group>"; };
		9F78C45F2113577C00A90672 /* TouchForwardingView.swift */ = {isa = PBXFileReference; fileEncoding = 4; lastKnownFileType = sourcecode.swift; path = TouchForwardingView.swift; sourceTree = "<group>"; };
		9F78C4602113577C00A90672 /* CGTypes+Extensions.swift */ = {isa = PBXFileReference; fileEncoding = 4; lastKnownFileType = sourcecode.swift; path = "CGTypes+Extensions.swift"; sourceTree = "<group>"; };
		9F78C4612113577C00A90672 /* CGImageRef+Extension.swift */ = {isa = PBXFileReference; fileEncoding = 4; lastKnownFileType = sourcecode.swift; path = "CGImageRef+Extension.swift"; sourceTree = "<group>"; };
/* End PBXFileReference section */

/* Begin PBXFrameworksBuildPhase section */
		9F78C4352113555000A90672 /* Frameworks */ = {
			isa = PBXFrameworksBuildPhase;
			buildActionMask = 2147483647;
			files = (
			);
			runOnlyForDeploymentPostprocessing = 0;
		};
		9F78C4422113556300A90672 /* Frameworks */ = {
			isa = PBXFrameworksBuildPhase;
			buildActionMask = 2147483647;
			files = (
			);
			runOnlyForDeploymentPostprocessing = 0;
		};
/* End PBXFrameworksBuildPhase section */

/* Begin PBXGroup section */
		9F55696C1BFD054800C7C88A = {
			isa = PBXGroup;
			children = (
				9F78C44D2113576800A90672 /* Core */,
				9F78C45C2113577C00A90672 /* UI */,
				9F78C4392113555000A90672 /* StringcodeUtils */,
				9F78C4462113556300A90672 /* StringcodeUtilsCore */,
				9F5569771BFD054800C7C88A /* Products */,
			);
			sourceTree = "<group>";
		};
		9F5569771BFD054800C7C88A /* Products */ = {
			isa = PBXGroup;
			children = (
				9F78C4382113555000A90672 /* StringcodeUtils.framework */,
				9F78C4452113556300A90672 /* StringcodeUtilsCore.framework */,
			);
			name = Products;
			sourceTree = "<group>";
		};
		9F78C4392113555000A90672 /* StringcodeUtils */ = {
			isa = PBXGroup;
			children = (
				9F78C43A2113555000A90672 /* StringcodeUtils.h */,
				9F78C43B2113555000A90672 /* Info.plist */,
			);
			path = StringcodeUtils;
			sourceTree = "<group>";
		};
		9F78C4462113556300A90672 /* StringcodeUtilsCore */ = {
			isa = PBXGroup;
			children = (
				9F78C4472113556300A90672 /* StringcodeUtilsCore.h */,
				9F78C4482113556300A90672 /* Info.plist */,
			);
			path = StringcodeUtilsCore;
			sourceTree = "<group>";
		};
		9F78C44D2113576800A90672 /* Core */ = {
			isa = PBXGroup;
			children = (
				9F78C4502113576800A90672 /* PathsURLs.swift */,
				9F78C4542113576800A90672 /* Utils.swift */,
			);
			name = Core;
			path = Classes/Core;
			sourceTree = "<group>";
		};
		9F78C45C2113577C00A90672 /* UI */ = {
			isa = PBXGroup;
			children = (
				9F78C45D2113577C00A90672 /* NSLayoutContriant+Extensions.swift */,
				9F78C45E2113577C00A90672 /* UIColor+Extentions.swift */,
				9F78C45F2113577C00A90672 /* TouchForwardingView.swift */,
				9F78C4602113577C00A90672 /* CGTypes+Extensions.swift */,
				9F78C4612113577C00A90672 /* CGImageRef+Extension.swift */,
			);
			path = UI;
			sourceTree = SOURCE_ROOT;
		};
/* End PBXGroup section */

/* Begin PBXHeadersBuildPhase section */
		9F78C4332113555000A90672 /* Headers */ = {
			isa = PBXHeadersBuildPhase;
			buildActionMask = 2147483647;
			files = (
				9F78C43C2113555000A90672 /* StringcodeUtils.h in Headers */,
			);
			runOnlyForDeploymentPostprocessing = 0;
		};
		9F78C4402113556300A90672 /* Headers */ = {
			isa = PBXHeadersBuildPhase;
			buildActionMask = 2147483647;
			files = (
				9F78C4492113556300A90672 /* StringcodeUtilsCore.h in Headers */,
			);
			runOnlyForDeploymentPostprocessing = 0;
		};
/* End PBXHeadersBuildPhase section */

/* Begin PBXNativeTarget section */
		9F78C4372113555000A90672 /* StringcodeUtils */ = {
			isa = PBXNativeTarget;
			buildConfigurationList = 9F78C43D2113555000A90672 /* Build configuration list for PBXNativeTarget "StringcodeUtils" */;
			buildPhases = (
				9F78C4332113555000A90672 /* Headers */,
				9F78C4342113555000A90672 /* Sources */,
				9F78C4352113555000A90672 /* Frameworks */,
				9F78C4362113555000A90672 /* Resources */,
			);
			buildRules = (
			);
			dependencies = (
			);
			name = StringcodeUtils;
			productName = StringcodeUtils;
			productReference = 9F78C4382113555000A90672 /* StringcodeUtils.framework */;
			productType = "com.apple.product-type.framework";
		};
		9F78C4442113556300A90672 /* StringcodeUtilsCore */ = {
			isa = PBXNativeTarget;
			buildConfigurationList = 9F78C44A2113556300A90672 /* Build configuration list for PBXNativeTarget "StringcodeUtilsCore" */;
			buildPhases = (
				9F78C4402113556300A90672 /* Headers */,
				9F78C4412113556300A90672 /* Sources */,
				9F78C4422113556300A90672 /* Frameworks */,
				9F78C4432113556300A90672 /* Resources */,
			);
			buildRules = (
			);
			dependencies = (
			);
			name = StringcodeUtilsCore;
			productName = StringcodeUtilsCore;
			productReference = 9F78C4452113556300A90672 /* StringcodeUtilsCore.framework */;
			productType = "com.apple.product-type.framework";
		};
/* End PBXNativeTarget section */

/* Begin PBXProject section */
		9F55696D1BFD054800C7C88A /* Project object */ = {
			isa = PBXProject;
			attributes = {
				LastUpgradeCheck = 1000;
				ORGANIZATIONNAME = "stringCode ltd";
				TargetAttributes = {
					9F78C4372113555000A90672 = {
						CreatedOnToolsVersion = 10.0;
						DevelopmentTeam = T8TH53QYXW;
						ProvisioningStyle = Automatic;
					};
					9F78C4442113556300A90672 = {
						CreatedOnToolsVersion = 10.0;
						DevelopmentTeam = T8TH53QYXW;
						ProvisioningStyle = Automatic;
					};
				};
			};
			buildConfigurationList = 9F5569701BFD054800C7C88A /* Build configuration list for PBXProject "SCUtilities" */;
			compatibilityVersion = "Xcode 3.2";
			developmentRegion = English;
			hasScannedForEncodings = 0;
			knownRegions = (
				en,
			);
			mainGroup = 9F55696C1BFD054800C7C88A;
			productRefGroup = 9F5569771BFD054800C7C88A /* Products */;
			projectDirPath = "";
			projectRoot = "";
			targets = (
				9F78C4372113555000A90672 /* StringcodeUtils */,
				9F78C4442113556300A90672 /* StringcodeUtilsCore */,
			);
		};
/* End PBXProject section */

/* Begin PBXResourcesBuildPhase section */
		9F78C4362113555000A90672 /* Resources */ = {
			isa = PBXResourcesBuildPhase;
			buildActionMask = 2147483647;
			files = (
			);
			runOnlyForDeploymentPostprocessing = 0;
		};
		9F78C4432113556300A90672 /* Resources */ = {
			isa = PBXResourcesBuildPhase;
			buildActionMask = 2147483647;
			files = (
			);
			runOnlyForDeploymentPostprocessing = 0;
		};
/* End PBXResourcesBuildPhase section */

/* Begin PBXSourcesBuildPhase section */
		9F78C4342113555000A90672 /* Sources */ = {
			isa = PBXSourcesBuildPhase;
			buildActionMask = 2147483647;
			files = (
				9F78C46921135B8A00A90672 /* PathsURLs.swift in Sources */,
				9F78C46A21135B8D00A90672 /* Utils.swift in Sources */,
				9F78C4662113577C00A90672 /* CGImageRef+Extension.swift in Sources */,
				9F78C4642113577C00A90672 /* TouchForwardingView.swift in Sources */,
				9F78C4652113577C00A90672 /* CGTypes+Extensions.swift in Sources */,
				9F78C4632113577C00A90672 /* UIColor+Extentions.swift in Sources */,
				9F78C4622113577C00A90672 /* NSLayoutContriant+Extensions.swift in Sources */,
			);
			runOnlyForDeploymentPostprocessing = 0;
		};
		9F78C4412113556300A90672 /* Sources */ = {
			isa = PBXSourcesBuildPhase;
			buildActionMask = 2147483647;
			files = (
				9F78C45B2113576800A90672 /* Utils.swift in Sources */,
				9F78C4572113576800A90672 /* PathsURLs.swift in Sources */,
			);
			runOnlyForDeploymentPostprocessing = 0;
		};
/* End PBXSourcesBuildPhase section */

/* Begin XCBuildConfiguration section */
		9F55697C1BFD054800C7C88A /* Debug */ = {
			isa = XCBuildConfiguration;
			buildSettings = {
				ALWAYS_SEARCH_USER_PATHS = NO;
				CLANG_CXX_LANGUAGE_STANDARD = "gnu++0x";
				CLANG_CXX_LIBRARY = "libc++";
				CLANG_ENABLE_MODULES = YES;
				CLANG_ENABLE_OBJC_ARC = YES;
				CLANG_WARN_BLOCK_CAPTURE_AUTORELEASING = YES;
				CLANG_WARN_BOOL_CONVERSION = YES;
				CLANG_WARN_COMMA = YES;
				CLANG_WARN_CONSTANT_CONVERSION = YES;
				CLANG_WARN_DEPRECATED_OBJC_IMPLEMENTATIONS = YES;
				CLANG_WARN_DIRECT_OBJC_ISA_USAGE = YES_ERROR;
				CLANG_WARN_EMPTY_BODY = YES;
				CLANG_WARN_ENUM_CONVERSION = YES;
				CLANG_WARN_INFINITE_RECURSION = YES;
				CLANG_WARN_INT_CONVERSION = YES;
				CLANG_WARN_NON_LITERAL_NULL_CONVERSION = YES;
				CLANG_WARN_OBJC_IMPLICIT_RETAIN_SELF = YES;
				CLANG_WARN_OBJC_LITERAL_CONVERSION = YES;
				CLANG_WARN_OBJC_ROOT_CLASS = YES_ERROR;
				CLANG_WARN_RANGE_LOOP_ANALYSIS = YES;
				CLANG_WARN_STRICT_PROTOTYPES = YES;
				CLANG_WARN_SUSPICIOUS_MOVE = YES;
				CLANG_WARN_UNREACHABLE_CODE = YES;
				CLANG_WARN__DUPLICATE_METHOD_MATCH = YES;
				"CODE_SIGN_IDENTITY[sdk=iphoneos*]" = "iPhone Developer";
				COPY_PHASE_STRIP = NO;
				CURRENT_PROJECT_VERSION = 1;
				DEBUG_INFORMATION_FORMAT = dwarf;
				ENABLE_STRICT_OBJC_MSGSEND = YES;
				ENABLE_TESTABILITY = YES;
				GCC_C_LANGUAGE_STANDARD = gnu99;
				GCC_DYNAMIC_NO_PIC = NO;
				GCC_NO_COMMON_BLOCKS = YES;
				GCC_OPTIMIZATION_LEVEL = 0;
				GCC_PREPROCESSOR_DEFINITIONS = (
					"DEBUG=1",
					"$(inherited)",
				);
				GCC_WARN_64_TO_32_BIT_CONVERSION = YES;
				GCC_WARN_ABOUT_RETURN_TYPE = YES_ERROR;
				GCC_WARN_UNDECLARED_SELECTOR = YES;
				GCC_WARN_UNINITIALIZED_AUTOS = YES_AGGRESSIVE;
				GCC_WARN_UNUSED_FUNCTION = YES;
				GCC_WARN_UNUSED_VARIABLE = YES;
				IPHONEOS_DEPLOYMENT_TARGET = 9.1;
				MTL_ENABLE_DEBUG_INFO = YES;
				ONLY_ACTIVE_ARCH = YES;
				SDKROOT = iphoneos;
				SWIFT_OPTIMIZATION_LEVEL = "-Onone";
				TARGETED_DEVICE_FAMILY = "1,2";
				VERSIONING_SYSTEM = "apple-generic";
				VERSION_INFO_PREFIX = "";
			};
			name = Debug;
		};
		9F55697D1BFD054800C7C88A /* Release */ = {
			isa = XCBuildConfiguration;
			buildSettings = {
				ALWAYS_SEARCH_USER_PATHS = NO;
				CLANG_CXX_LANGUAGE_STANDARD = "gnu++0x";
				CLANG_CXX_LIBRARY = "libc++";
				CLANG_ENABLE_MODULES = YES;
				CLANG_ENABLE_OBJC_ARC = YES;
				CLANG_WARN_BLOCK_CAPTURE_AUTORELEASING = YES;
				CLANG_WARN_BOOL_CONVERSION = YES;
				CLANG_WARN_COMMA = YES;
				CLANG_WARN_CONSTANT_CONVERSION = YES;
				CLANG_WARN_DEPRECATED_OBJC_IMPLEMENTATIONS = YES;
				CLANG_WARN_DIRECT_OBJC_ISA_USAGE = YES_ERROR;
				CLANG_WARN_EMPTY_BODY = YES;
				CLANG_WARN_ENUM_CONVERSION = YES;
				CLANG_WARN_INFINITE_RECURSION = YES;
				CLANG_WARN_INT_CONVERSION = YES;
				CLANG_WARN_NON_LITERAL_NULL_CONVERSION = YES;
				CLANG_WARN_OBJC_IMPLICIT_RETAIN_SELF = YES;
				CLANG_WARN_OBJC_LITERAL_CONVERSION = YES;
				CLANG_WARN_OBJC_ROOT_CLASS = YES_ERROR;
				CLANG_WARN_RANGE_LOOP_ANALYSIS = YES;
				CLANG_WARN_STRICT_PROTOTYPES = YES;
				CLANG_WARN_SUSPICIOUS_MOVE = YES;
				CLANG_WARN_UNREACHABLE_CODE = YES;
				CLANG_WARN__DUPLICATE_METHOD_MATCH = YES;
				"CODE_SIGN_IDENTITY[sdk=iphoneos*]" = "iPhone Developer";
				COPY_PHASE_STRIP = NO;
				CURRENT_PROJECT_VERSION = 1;
				DEBUG_INFORMATION_FORMAT = "dwarf-with-dsym";
				ENABLE_NS_ASSERTIONS = NO;
				ENABLE_STRICT_OBJC_MSGSEND = YES;
				GCC_C_LANGUAGE_STANDARD = gnu99;
				GCC_NO_COMMON_BLOCKS = YES;
				GCC_WARN_64_TO_32_BIT_CONVERSION = YES;
				GCC_WARN_ABOUT_RETURN_TYPE = YES_ERROR;
				GCC_WARN_UNDECLARED_SELECTOR = YES;
				GCC_WARN_UNINITIALIZED_AUTOS = YES_AGGRESSIVE;
				GCC_WARN_UNUSED_FUNCTION = YES;
				GCC_WARN_UNUSED_VARIABLE = YES;
				IPHONEOS_DEPLOYMENT_TARGET = 9.1;
				MTL_ENABLE_DEBUG_INFO = NO;
				SDKROOT = iphoneos;
				TARGETED_DEVICE_FAMILY = "1,2";
				VALIDATE_PRODUCT = YES;
				VERSIONING_SYSTEM = "apple-generic";
				VERSION_INFO_PREFIX = "";
			};
			name = Release;
		};
		9F78C43E2113555000A90672 /* Debug */ = {
			isa = XCBuildConfiguration;
			buildSettings = {
				CLANG_ANALYZER_NONNULL = YES;
				CLANG_ANALYZER_NUMBER_OBJECT_CONVERSION = YES_AGGRESSIVE;
				CLANG_CXX_LANGUAGE_STANDARD = "gnu++14";
				CLANG_ENABLE_OBJC_WEAK = YES;
				CLANG_WARN_BLOCK_CAPTURE_AUTORELEASING = YES;
				CLANG_WARN_COMMA = YES;
				CLANG_WARN_DEPRECATED_OBJC_IMPLEMENTATIONS = YES;
				CLANG_WARN_DOCUMENTATION_COMMENTS = YES;
				CLANG_WARN_INFINITE_RECURSION = YES;
				CLANG_WARN_NON_LITERAL_NULL_CONVERSION = YES;
				CLANG_WARN_OBJC_IMPLICIT_RETAIN_SELF = YES;
				CLANG_WARN_OBJC_LITERAL_CONVERSION = YES;
				CLANG_WARN_RANGE_LOOP_ANALYSIS = YES;
				CLANG_WARN_STRICT_PROTOTYPES = YES;
				CLANG_WARN_SUSPICIOUS_MOVE = YES;
				CLANG_WARN_UNGUARDED_AVAILABILITY = YES_AGGRESSIVE;
				CODE_SIGN_IDENTITY = "";
				CODE_SIGN_STYLE = Automatic;
				DEFINES_MODULE = YES;
				DEVELOPMENT_TEAM = T8TH53QYXW;
				DYLIB_COMPATIBILITY_VERSION = 1;
				DYLIB_CURRENT_VERSION = 1;
				DYLIB_INSTALL_NAME_BASE = "@rpath";
				GCC_C_LANGUAGE_STANDARD = gnu11;
				INFOPLIST_FILE = StringcodeUtils/Info.plist;
				INSTALL_PATH = "$(LOCAL_LIBRARY_DIR)/Frameworks";
				IPHONEOS_DEPLOYMENT_TARGET = 9.0;
				LD_RUNPATH_SEARCH_PATHS = "$(inherited) @executable_path/Frameworks @loader_path/Frameworks";
				MTL_ENABLE_DEBUG_INFO = INCLUDE_SOURCE;
				MTL_FAST_MATH = YES;
				PRODUCT_BUNDLE_IDENTIFIER = uk.co.stringcode.StringcodeUtils;
				PRODUCT_NAME = "$(TARGET_NAME:c99extidentifier)";
				SKIP_INSTALL = YES;
				SWIFT_ACTIVE_COMPILATION_CONDITIONS = DEBUG;
				SWIFT_VERSION = 4.2;
				TARGETED_DEVICE_FAMILY = "1,2";
			};
			name = Debug;
		};
		9F78C43F2113555000A90672 /* Release */ = {
			isa = XCBuildConfiguration;
			buildSettings = {
				CLANG_ANALYZER_NONNULL = YES;
				CLANG_ANALYZER_NUMBER_OBJECT_CONVERSION = YES_AGGRESSIVE;
				CLANG_CXX_LANGUAGE_STANDARD = "gnu++14";
				CLANG_ENABLE_OBJC_WEAK = YES;
				CLANG_WARN_BLOCK_CAPTURE_AUTORELEASING = YES;
				CLANG_WARN_COMMA = YES;
				CLANG_WARN_DEPRECATED_OBJC_IMPLEMENTATIONS = YES;
				CLANG_WARN_DOCUMENTATION_COMMENTS = YES;
				CLANG_WARN_INFINITE_RECURSION = YES;
				CLANG_WARN_NON_LITERAL_NULL_CONVERSION = YES;
				CLANG_WARN_OBJC_IMPLICIT_RETAIN_SELF = YES;
				CLANG_WARN_OBJC_LITERAL_CONVERSION = YES;
				CLANG_WARN_RANGE_LOOP_ANALYSIS = YES;
				CLANG_WARN_STRICT_PROTOTYPES = YES;
				CLANG_WARN_SUSPICIOUS_MOVE = YES;
				CLANG_WARN_UNGUARDED_AVAILABILITY = YES_AGGRESSIVE;
				CODE_SIGN_IDENTITY = "";
				CODE_SIGN_STYLE = Automatic;
				DEFINES_MODULE = YES;
				DEVELOPMENT_TEAM = T8TH53QYXW;
				DYLIB_COMPATIBILITY_VERSION = 1;
				DYLIB_CURRENT_VERSION = 1;
				DYLIB_INSTALL_NAME_BASE = "@rpath";
				GCC_C_LANGUAGE_STANDARD = gnu11;
				INFOPLIST_FILE = StringcodeUtils/Info.plist;
				INSTALL_PATH = "$(LOCAL_LIBRARY_DIR)/Frameworks";
				IPHONEOS_DEPLOYMENT_TARGET = 9.0;
				LD_RUNPATH_SEARCH_PATHS = "$(inherited) @executable_path/Frameworks @loader_path/Frameworks";
				MTL_FAST_MATH = YES;
				PRODUCT_BUNDLE_IDENTIFIER = uk.co.stringcode.StringcodeUtils;
				PRODUCT_NAME = "$(TARGET_NAME:c99extidentifier)";
				SKIP_INSTALL = YES;
				SWIFT_OPTIMIZATION_LEVEL = "-Owholemodule";
				SWIFT_VERSION = 4.2;
				TARGETED_DEVICE_FAMILY = "1,2";
			};
			name = Release;
		};
		9F78C44B2113556300A90672 /* Debug */ = {
			isa = XCBuildConfiguration;
			buildSettings = {
				CLANG_ANALYZER_NONNULL = YES;
				CLANG_ANALYZER_NUMBER_OBJECT_CONVERSION = YES_AGGRESSIVE;
				CLANG_CXX_LANGUAGE_STANDARD = "gnu++14";
				CLANG_ENABLE_OBJC_WEAK = YES;
				CLANG_WARN_BLOCK_CAPTURE_AUTORELEASING = YES;
				CLANG_WARN_COMMA = YES;
				CLANG_WARN_DEPRECATED_OBJC_IMPLEMENTATIONS = YES;
				CLANG_WARN_DOCUMENTATION_COMMENTS = YES;
				CLANG_WARN_INFINITE_RECURSION = YES;
				CLANG_WARN_NON_LITERAL_NULL_CONVERSION = YES;
				CLANG_WARN_OBJC_IMPLICIT_RETAIN_SELF = YES;
				CLANG_WARN_OBJC_LITERAL_CONVERSION = YES;
				CLANG_WARN_RANGE_LOOP_ANALYSIS = YES;
				CLANG_WARN_STRICT_PROTOTYPES = YES;
				CLANG_WARN_SUSPICIOUS_MOVE = YES;
				CLANG_WARN_UNGUARDED_AVAILABILITY = YES_AGGRESSIVE;
				CODE_SIGN_IDENTITY = "";
				CODE_SIGN_STYLE = Automatic;
				DEFINES_MODULE = YES;
				DEVELOPMENT_TEAM = T8TH53QYXW;
				DYLIB_COMPATIBILITY_VERSION = 1;
				DYLIB_CURRENT_VERSION = 1;
				DYLIB_INSTALL_NAME_BASE = "@rpath";
				GCC_C_LANGUAGE_STANDARD = gnu11;
				INFOPLIST_FILE = StringcodeUtilsCore/Info.plist;
				INSTALL_PATH = "$(LOCAL_LIBRARY_DIR)/Frameworks";
				IPHONEOS_DEPLOYMENT_TARGET = 9.0;
				LD_RUNPATH_SEARCH_PATHS = "$(inherited) @executable_path/Frameworks @loader_path/Frameworks";
				MTL_ENABLE_DEBUG_INFO = INCLUDE_SOURCE;
				MTL_FAST_MATH = YES;
				PRODUCT_BUNDLE_IDENTIFIER = uk.co.stringcode.StringcodeUtilsCore;
				PRODUCT_NAME = "$(TARGET_NAME:c99extidentifier)";
				SKIP_INSTALL = YES;
				SWIFT_ACTIVE_COMPILATION_CONDITIONS = DEBUG;
				SWIFT_VERSION = 4.2;
				TARGETED_DEVICE_FAMILY = "1,2";
			};
			name = Debug;
		};
		9F78C44C2113556300A90672 /* Release */ = {
			isa = XCBuildConfiguration;
			buildSettings = {
				CLANG_ANALYZER_NONNULL = YES;
				CLANG_ANALYZER_NUMBER_OBJECT_CONVERSION = YES_AGGRESSIVE;
				CLANG_CXX_LANGUAGE_STANDARD = "gnu++14";
				CLANG_ENABLE_OBJC_WEAK = YES;
				CLANG_WARN_BLOCK_CAPTURE_AUTORELEASING = YES;
				CLANG_WARN_COMMA = YES;
				CLANG_WARN_DEPRECATED_OBJC_IMPLEMENTATIONS = YES;
				CLANG_WARN_DOCUMENTATION_COMMENTS = YES;
				CLANG_WARN_INFINITE_RECURSION = YES;
				CLANG_WARN_NON_LITERAL_NULL_CONVERSION = YES;
				CLANG_WARN_OBJC_IMPLICIT_RETAIN_SELF = YES;
				CLANG_WARN_OBJC_LITERAL_CONVERSION = YES;
				CLANG_WARN_RANGE_LOOP_ANALYSIS = YES;
				CLANG_WARN_STRICT_PROTOTYPES = YES;
				CLANG_WARN_SUSPICIOUS_MOVE = YES;
				CLANG_WARN_UNGUARDED_AVAILABILITY = YES_AGGRESSIVE;
				CODE_SIGN_IDENTITY = "";
				CODE_SIGN_STYLE = Automatic;
				DEFINES_MODULE = YES;
				DEVELOPMENT_TEAM = T8TH53QYXW;
				DYLIB_COMPATIBILITY_VERSION = 1;
				DYLIB_CURRENT_VERSION = 1;
				DYLIB_INSTALL_NAME_BASE = "@rpath";
				GCC_C_LANGUAGE_STANDARD = gnu11;
				INFOPLIST_FILE = StringcodeUtilsCore/Info.plist;
				INSTALL_PATH = "$(LOCAL_LIBRARY_DIR)/Frameworks";
				IPHONEOS_DEPLOYMENT_TARGET = 9.0;
				LD_RUNPATH_SEARCH_PATHS = "$(inherited) @executable_path/Frameworks @loader_path/Frameworks";
				MTL_FAST_MATH = YES;
				PRODUCT_BUNDLE_IDENTIFIER = uk.co.stringcode.StringcodeUtilsCore;
				PRODUCT_NAME = "$(TARGET_NAME:c99extidentifier)";
				SKIP_INSTALL = YES;
				SWIFT_OPTIMIZATION_LEVEL = "-Owholemodule";
				SWIFT_VERSION = 4.2;
				TARGETED_DEVICE_FAMILY = "1,2";
			};
			name = Release;
		};
/* End XCBuildConfiguration section */

/* Begin XCConfigurationList section */
		9F5569701BFD054800C7C88A /* Build configuration list for PBXProject "SCUtilities" */ = {
			isa = XCConfigurationList;
			buildConfigurations = (
				9F55697C1BFD054800C7C88A /* Debug */,
				9F55697D1BFD054800C7C88A /* Release */,
			);
			defaultConfigurationIsVisible = 0;
			defaultConfigurationName = Release;
		};
		9F78C43D2113555000A90672 /* Build configuration list for PBXNativeTarget "StringcodeUtils" */ = {
			isa = XCConfigurationList;
			buildConfigurations = (
				9F78C43E2113555000A90672 /* Debug */,
				9F78C43F2113555000A90672 /* Release */,
			);
			defaultConfigurationIsVisible = 0;
			defaultConfigurationName = Release;
		};
		9F78C44A2113556300A90672 /* Build configuration list for PBXNativeTarget "StringcodeUtilsCore" */ = {
			isa = XCConfigurationList;
			buildConfigurations = (
				9F78C44B2113556300A90672 /* Debug */,
				9F78C44C2113556300A90672 /* Release */,
			);
			defaultConfigurationIsVisible = 0;
			defaultConfigurationName = Release;
		};
/* End XCConfigurationList section */
	};
	rootObject = 9F55696D1BFD054800C7C88A /* Project object */;
}
